// !$*UTF8*$!
{
	archiveVersion = 1;
	classes = {
	};
	objectVersion = 46;
	objects = {

/* Begin PBXBuildFile section */
		047B29901F6873CD00C5E456 /* Assets.xcassets in Resources */ = {isa = PBXBuildFile; fileRef = 047B29881F6873CD00C5E456 /* Assets.xcassets */; };
		047B29911F6873CD00C5E456 /* Info.plist in Resources */ = {isa = PBXBuildFile; fileRef = 047B29891F6873CD00C5E456 /* Info.plist */; };
		047B29921F6873CD00C5E456 /* LaunchScreen.storyboard in Resources */ = {isa = PBXBuildFile; fileRef = 047B298B1F6873CD00C5E456 /* LaunchScreen.storyboard */; };
		047B29931F6873CD00C5E456 /* Main.storyboard in Resources */ = {isa = PBXBuildFile; fileRef = 047B298C1F6873CD00C5E456 /* Main.storyboard */; };
		047B29941F6873CD00C5E456 /* ViewController.swift in Sources */ = {isa = PBXBuildFile; fileRef = 047B298F1F6873CD00C5E456 /* ViewController.swift */; };
		047B29961F6876D600C5E456 /* Define.swift in Sources */ = {isa = PBXBuildFile; fileRef = 047B29951F6876D600C5E456 /* Define.swift */; };
		047B29981F6876FE00C5E456 /* SessionManager.swift in Sources */ = {isa = PBXBuildFile; fileRef = 047B29971F6876FE00C5E456 /* SessionManager.swift */; };
		047B299A1F688BBD00C5E456 /* Vehicle.swift in Sources */ = {isa = PBXBuildFile; fileRef = 047B29991F688BBD00C5E456 /* Vehicle.swift */; };
		1D36D5F111E60A4C4675AABA /* Pods_TestDataOneTests.framework in Frameworks */ = {isa = PBXBuildFile; fileRef = 5F1C1941C5733E1F49019B9D /* Pods_TestDataOneTests.framework */; };
		2857F30BF47FF48BB807A607 /* Pods_TestDataOne.framework in Frameworks */ = {isa = PBXBuildFile; fileRef = 09B2C0D40BE39948C4B411B8 /* Pods_TestDataOne.framework */; };
		F8458A781F63693B000B20AA /* AppDelegate.swift in Sources */ = {isa = PBXBuildFile; fileRef = F8458A771F63693B000B20AA /* AppDelegate.swift */; };
		F8458A8D1F63693B000B20AA /* TestDataOneTests.swift in Sources */ = {isa = PBXBuildFile; fileRef = F8458A8C1F63693B000B20AA /* TestDataOneTests.swift */; };
/* End PBXBuildFile section */

/* Begin PBXContainerItemProxy section */
		F8458A891F63693B000B20AA /* PBXContainerItemProxy */ = {
			isa = PBXContainerItemProxy;
			containerPortal = F8458A6C1F63693B000B20AA /* Project object */;
			proxyType = 1;
			remoteGlobalIDString = F8458A731F63693B000B20AA;
			remoteInfo = TestDataOne;
		};
/* End PBXContainerItemProxy section */

/* Begin PBXFileReference section */
		047B29881F6873CD00C5E456 /* Assets.xcassets */ = {isa = PBXFileReference; lastKnownFileType = folder.assetcatalog; path = Assets.xcassets; sourceTree = "<group>"; };
		047B29891F6873CD00C5E456 /* Info.plist */ = {isa = PBXFileReference; fileEncoding = 4; lastKnownFileType = text.plist.xml; path = Info.plist; sourceTree = "<group>"; };
		047B298B1F6873CD00C5E456 /* LaunchScreen.storyboard */ = {isa = PBXFileReference; fileEncoding = 4; lastKnownFileType = file.storyboard; path = LaunchScreen.storyboard; sourceTree = "<group>"; };
		047B298C1F6873CD00C5E456 /* Main.storyboard */ = {isa = PBXFileReference; fileEncoding = 4; lastKnownFileType = file.storyboard; path = Main.storyboard; sourceTree = "<group>"; };
		047B298F1F6873CD00C5E456 /* ViewController.swift */ = {isa = PBXFileReference; fileEncoding = 4; lastKnownFileType = sourcecode.swift; path = ViewController.swift; sourceTree = "<group>"; };
		047B29951F6876D600C5E456 /* Define.swift */ = {isa = PBXFileReference; fileEncoding = 4; lastKnownFileType = sourcecode.swift; path = Define.swift; sourceTree = "<group>"; };
		047B29971F6876FE00C5E456 /* SessionManager.swift */ = {isa = PBXFileReference; fileEncoding = 4; lastKnownFileType = sourcecode.swift; path = SessionManager.swift; sourceTree = "<group>"; };
		047B29991F688BBD00C5E456 /* Vehicle.swift */ = {isa = PBXFileReference; fileEncoding = 4; lastKnownFileType = sourcecode.swift; path = Vehicle.swift; sourceTree = "<group>"; };
		09B2C0D40BE39948C4B411B8 /* Pods_TestDataOne.framework */ = {isa = PBXFileReference; explicitFileType = wrapper.framework; includeInIndex = 0; path = Pods_TestDataOne.framework; sourceTree = BUILT_PRODUCTS_DIR; };
		4DB47ED496A5E1CE73770234 /* Pods-TestDataOneTests.debug.xcconfig */ = {isa = PBXFileReference; includeInIndex = 1; lastKnownFileType = text.xcconfig; name = "Pods-TestDataOneTests.debug.xcconfig"; path = "Pods/Target Support Files/Pods-TestDataOneTests/Pods-TestDataOneTests.debug.xcconfig"; sourceTree = "<group>"; };
		5F1C1941C5733E1F49019B9D /* Pods_TestDataOneTests.framework */ = {isa = PBXFileReference; explicitFileType = wrapper.framework; includeInIndex = 0; path = Pods_TestDataOneTests.framework; sourceTree = BUILT_PRODUCTS_DIR; };
		7E216E05E2FD9041AA222660 /* Pods-TestDataOneTests.release.xcconfig */ = {isa = PBXFileReference; includeInIndex = 1; lastKnownFileType = text.xcconfig; name = "Pods-TestDataOneTests.release.xcconfig"; path = "Pods/Target Support Files/Pods-TestDataOneTests/Pods-TestDataOneTests.release.xcconfig"; sourceTree = "<group>"; };
		BD3A65DCEEFABF5754A8E50B /* Pods-TestDataOne.release.xcconfig */ = {isa = PBXFileReference; includeInIndex = 1; lastKnownFileType = text.xcconfig; name = "Pods-TestDataOne.release.xcconfig"; path = "Pods/Target Support Files/Pods-TestDataOne/Pods-TestDataOne.release.xcconfig"; sourceTree = "<group>"; };
		D43B62C78D2E390643782C17 /* Pods-TestDataOne.debug.xcconfig */ = {isa = PBXFileReference; includeInIndex = 1; lastKnownFileType = text.xcconfig; name = "Pods-TestDataOne.debug.xcconfig"; path = "Pods/Target Support Files/Pods-TestDataOne/Pods-TestDataOne.debug.xcconfig"; sourceTree = "<group>"; };
		F8458A741F63693B000B20AA /* TestDataOne.app */ = {isa = PBXFileReference; explicitFileType = wrapper.application; includeInIndex = 0; path = TestDataOne.app; sourceTree = BUILT_PRODUCTS_DIR; };
		F8458A771F63693B000B20AA /* AppDelegate.swift */ = {isa = PBXFileReference; lastKnownFileType = sourcecode.swift; path = AppDelegate.swift; sourceTree = "<group>"; };
		F8458A881F63693B000B20AA /* TestDataOneTests.xctest */ = {isa = PBXFileReference; explicitFileType = wrapper.cfbundle; includeInIndex = 0; path = TestDataOneTests.xctest; sourceTree = BUILT_PRODUCTS_DIR; };
		F8458A8C1F63693B000B20AA /* TestDataOneTests.swift */ = {isa = PBXFileReference; lastKnownFileType = sourcecode.swift; path = TestDataOneTests.swift; sourceTree = "<group>"; };
		F8458A8E1F63693B000B20AA /* Info.plist */ = {isa = PBXFileReference; lastKnownFileType = text.plist.xml; path = Info.plist; sourceTree = "<group>"; };
/* End PBXFileReference section */

/* Begin PBXFrameworksBuildPhase section */
		F8458A711F63693B000B20AA /* Frameworks */ = {
			isa = PBXFrameworksBuildPhase;
			buildActionMask = 2147483647;
			files = (
				2857F30BF47FF48BB807A607 /* Pods_TestDataOne.framework in Frameworks */,
			);
			runOnlyForDeploymentPostprocessing = 0;
		};
		F8458A851F63693B000B20AA /* Frameworks */ = {
			isa = PBXFrameworksBuildPhase;
			buildActionMask = 2147483647;
			files = (
				1D36D5F111E60A4C4675AABA /* Pods_TestDataOneTests.framework in Frameworks */,
			);
			runOnlyForDeploymentPostprocessing = 0;
		};
/* End PBXFrameworksBuildPhase section */

/* Begin PBXGroup section */
		047B29841F6873CD00C5E456 /* Define */ = {
			isa = PBXGroup;
			children = (
				047B29951F6876D600C5E456 /* Define.swift */,
			);
			path = Define;
			sourceTree = "<group>";
		};
		047B29851F6873CD00C5E456 /* Extension */ = {
			isa = PBXGroup;
			children = (
				047B29971F6876FE00C5E456 /* SessionManager.swift */,
			);
			path = Extension;
			sourceTree = "<group>";
		};
		047B29861F6873CD00C5E456 /* Model */ = {
			isa = PBXGroup;
			children = (
				047B29991F688BBD00C5E456 /* Vehicle.swift */,
			);
			path = Model;
			sourceTree = "<group>";
		};
		047B29871F6873CD00C5E456 /* Resource */ = {
			isa = PBXGroup;
			children = (
				047B29881F6873CD00C5E456 /* Assets.xcassets */,
				047B29891F6873CD00C5E456 /* Info.plist */,
			);
			path = Resource;
			sourceTree = "<group>";
		};
		047B298A1F6873CD00C5E456 /* Storyboard */ = {
			isa = PBXGroup;
			children = (
				047B298B1F6873CD00C5E456 /* LaunchScreen.storyboard */,
				047B298C1F6873CD00C5E456 /* Main.storyboard */,
			);
			path = Storyboard;
			sourceTree = "<group>";
		};
		047B298D1F6873CD00C5E456 /* UIViewController */ = {
			isa = PBXGroup;
			children = (
				047B298E1F6873CD00C5E456 /* root */,
				047B298F1F6873CD00C5E456 /* ViewController.swift */,
			);
			path = UIViewController;
			sourceTree = "<group>";
		};
		047B298E1F6873CD00C5E456 /* root */ = {
			isa = PBXGroup;
			children = (
			);
			path = root;
			sourceTree = "<group>";
		};
		B17D5C4D88DFC6ABF29276F4 /* Frameworks */ = {
			isa = PBXGroup;
			children = (
				09B2C0D40BE39948C4B411B8 /* Pods_TestDataOne.framework */,
				5F1C1941C5733E1F49019B9D /* Pods_TestDataOneTests.framework */,
			);
			name = Frameworks;
			sourceTree = "<group>";
		};
		C9053C5DA13FE09774998BF9 /* Pods */ = {
			isa = PBXGroup;
			children = (
				D43B62C78D2E390643782C17 /* Pods-TestDataOne.debug.xcconfig */,
				BD3A65DCEEFABF5754A8E50B /* Pods-TestDataOne.release.xcconfig */,
				4DB47ED496A5E1CE73770234 /* Pods-TestDataOneTests.debug.xcconfig */,
				7E216E05E2FD9041AA222660 /* Pods-TestDataOneTests.release.xcconfig */,
			);
			name = Pods;
			sourceTree = "<group>";
		};
		F8458A6B1F63693B000B20AA = {
			isa = PBXGroup;
			children = (
				F8458A761F63693B000B20AA /* TestDataOne */,
				F8458A8B1F63693B000B20AA /* TestDataOneTests */,
				F8458A751F63693B000B20AA /* Products */,
				C9053C5DA13FE09774998BF9 /* Pods */,
				B17D5C4D88DFC6ABF29276F4 /* Frameworks */,
			);
			sourceTree = "<group>";
		};
		F8458A751F63693B000B20AA /* Products */ = {
			isa = PBXGroup;
			children = (
				F8458A741F63693B000B20AA /* TestDataOne.app */,
				F8458A881F63693B000B20AA /* TestDataOneTests.xctest */,
			);
			name = Products;
			sourceTree = "<group>";
		};
		F8458A761F63693B000B20AA /* TestDataOne */ = {
			isa = PBXGroup;
			children = (
				F8458A771F63693B000B20AA /* AppDelegate.swift */,
				047B29841F6873CD00C5E456 /* Define */,
				047B29851F6873CD00C5E456 /* Extension */,
				047B29861F6873CD00C5E456 /* Model */,
				047B29871F6873CD00C5E456 /* Resource */,
				047B298A1F6873CD00C5E456 /* Storyboard */,
				047B298D1F6873CD00C5E456 /* UIViewController */,
			);
			path = TestDataOne;
			sourceTree = "<group>";
		};
		F8458A8B1F63693B000B20AA /* TestDataOneTests */ = {
			isa = PBXGroup;
			children = (
				F8458A8C1F63693B000B20AA /* TestDataOneTests.swift */,
				F8458A8E1F63693B000B20AA /* Info.plist */,
			);
			path = TestDataOneTests;
			sourceTree = "<group>";
		};
/* End PBXGroup section */

/* Begin PBXNativeTarget section */
		F8458A731F63693B000B20AA /* TestDataOne */ = {
			isa = PBXNativeTarget;
			buildConfigurationList = F8458A911F63693B000B20AA /* Build configuration list for PBXNativeTarget "TestDataOne" */;
			buildPhases = (
				094235DE9DCB75E473ED791E /* [CP] Check Pods Manifest.lock */,
				F8458A701F63693B000B20AA /* Sources */,
				F8458A711F63693B000B20AA /* Frameworks */,
				F8458A721F63693B000B20AA /* Resources */,
				3D87D5659AE62996F0F52CC5 /* [CP] Embed Pods Frameworks */,
				C084DE6B7A901F0D327B81F3 /* [CP] Copy Pods Resources */,
			);
			buildRules = (
			);
			dependencies = (
			);
			name = TestDataOne;
			productName = TestDataOne;
			productReference = F8458A741F63693B000B20AA /* TestDataOne.app */;
			productType = "com.apple.product-type.application";
		};
		F8458A871F63693B000B20AA /* TestDataOneTests */ = {
			isa = PBXNativeTarget;
			buildConfigurationList = F8458A941F63693B000B20AA /* Build configuration list for PBXNativeTarget "TestDataOneTests" */;
			buildPhases = (
				2062261D05F17B4CA7209B84 /* [CP] Check Pods Manifest.lock */,
				F8458A841F63693B000B20AA /* Sources */,
				F8458A851F63693B000B20AA /* Frameworks */,
				F8458A861F63693B000B20AA /* Resources */,
				B4D2ADED4578B0BAFB70D61D /* [CP] Embed Pods Frameworks */,
				EA2A950B4C43F1A42F2AE37F /* [CP] Copy Pods Resources */,
			);
			buildRules = (
			);
			dependencies = (
				F8458A8A1F63693B000B20AA /* PBXTargetDependency */,
			);
			name = TestDataOneTests;
			productName = TestDataOneTests;
			productReference = F8458A881F63693B000B20AA /* TestDataOneTests.xctest */;
			productType = "com.apple.product-type.bundle.unit-test";
		};
/* End PBXNativeTarget section */

/* Begin PBXProject section */
		F8458A6C1F63693B000B20AA /* Project object */ = {
			isa = PBXProject;
			attributes = {
				LastSwiftUpdateCheck = 0830;
				LastUpgradeCheck = 0830;
				ORGANIZATIONNAME = hooni.net;
				TargetAttributes = {
					F8458A731F63693B000B20AA = {
						CreatedOnToolsVersion = 8.3.3;
						ProvisioningStyle = Automatic;
					};
					F8458A871F63693B000B20AA = {
						CreatedOnToolsVersion = 8.3.3;
						ProvisioningStyle = Automatic;
						TestTargetID = F8458A731F63693B000B20AA;
					};
				};
			};
			buildConfigurationList = F8458A6F1F63693B000B20AA /* Build configuration list for PBXProject "TestDataOne" */;
			compatibilityVersion = "Xcode 3.2";
			developmentRegion = English;
			hasScannedForEncodings = 0;
			knownRegions = (
				en,
				Base,
			);
			mainGroup = F8458A6B1F63693B000B20AA;
			productRefGroup = F8458A751F63693B000B20AA /* Products */;
			projectDirPath = "";
			projectRoot = "";
			targets = (
				F8458A731F63693B000B20AA /* TestDataOne */,
				F8458A871F63693B000B20AA /* TestDataOneTests */,
			);
		};
/* End PBXProject section */

/* Begin PBXResourcesBuildPhase section */
		F8458A721F63693B000B20AA /* Resources */ = {
			isa = PBXResourcesBuildPhase;
			buildActionMask = 2147483647;
			files = (
				047B29921F6873CD00C5E456 /* LaunchScreen.storyboard in Resources */,
				047B29911F6873CD00C5E456 /* Info.plist in Resources */,
				047B29901F6873CD00C5E456 /* Assets.xcassets in Resources */,
				047B29931F6873CD00C5E456 /* Main.storyboard in Resources */,
			);
			runOnlyForDeploymentPostprocessing = 0;
		};
		F8458A861F63693B000B20AA /* Resources */ = {
			isa = PBXResourcesBuildPhase;
			buildActionMask = 2147483647;
			files = (
			);
			runOnlyForDeploymentPostprocessing = 0;
		};
/* End PBXResourcesBuildPhase section */

/* Begin PBXShellScriptBuildPhase section */
		094235DE9DCB75E473ED791E /* [CP] Check Pods Manifest.lock */ = {
			isa = PBXShellScriptBuildPhase;
			buildActionMask = 2147483647;
			files = (
			);
			inputPaths = (
				"${PODS_PODFILE_DIR_PATH}/Podfile.lock",
				"${PODS_ROOT}/Manifest.lock",
			);
			name = "[CP] Check Pods Manifest.lock";
			outputPaths = (
				"$(DERIVED_FILE_DIR)/Pods-TestDataOne-checkManifestLockResult.txt",
			);
			runOnlyForDeploymentPostprocessing = 0;
			shellPath = /bin/sh;
			shellScript = "diff \"${PODS_PODFILE_DIR_PATH}/Podfile.lock\" \"${PODS_ROOT}/Manifest.lock\" > /dev/null\nif [ $? != 0 ] ; then\n    # print error to STDERR\n    echo \"error: The sandbox is not in sync with the Podfile.lock. Run 'pod install' or update your CocoaPods installation.\" >&2\n    exit 1\nfi\n# This output is used by Xcode 'outputs' to avoid re-running this script phase.\necho \"SUCCESS\" > \"${SCRIPT_OUTPUT_FILE_0}\"\n";
			showEnvVarsInLog = 0;
		};
		2062261D05F17B4CA7209B84 /* [CP] Check Pods Manifest.lock */ = {
			isa = PBXShellScriptBuildPhase;
			buildActionMask = 2147483647;
			files = (
			);
			inputPaths = (
				"${PODS_PODFILE_DIR_PATH}/Podfile.lock",
				"${PODS_ROOT}/Manifest.lock",
			);
			name = "[CP] Check Pods Manifest.lock";
			outputPaths = (
				"$(DERIVED_FILE_DIR)/Pods-TestDataOneTests-checkManifestLockResult.txt",
			);
			runOnlyForDeploymentPostprocessing = 0;
			shellPath = /bin/sh;
			shellScript = "diff \"${PODS_PODFILE_DIR_PATH}/Podfile.lock\" \"${PODS_ROOT}/Manifest.lock\" > /dev/null\nif [ $? != 0 ] ; then\n    # print error to STDERR\n    echo \"error: The sandbox is not in sync with the Podfile.lock. Run 'pod install' or update your CocoaPods installation.\" >&2\n    exit 1\nfi\n# This output is used by Xcode 'outputs' to avoid re-running this script phase.\necho \"SUCCESS\" > \"${SCRIPT_OUTPUT_FILE_0}\"\n";
			showEnvVarsInLog = 0;
		};
		3D87D5659AE62996F0F52CC5 /* [CP] Embed Pods Frameworks */ = {
			isa = PBXShellScriptBuildPhase;
			buildActionMask = 2147483647;
			files = (
			);
			inputPaths = (
				"${SRCROOT}/Pods/Target Support Files/Pods-TestDataOne/Pods-TestDataOne-frameworks.sh",
				"${BUILT_PRODUCTS_DIR}/Alamofire/Alamofire.framework",
				"${BUILT_PRODUCTS_DIR}/SwiftyJSON/SwiftyJSON.framework",
			);
			name = "[CP] Embed Pods Frameworks";
			outputPaths = (
				"${TARGET_BUILD_DIR}/${FRAMEWORKS_FOLDER_PATH}/Alamofire.framework",
				"${TARGET_BUILD_DIR}/${FRAMEWORKS_FOLDER_PATH}/SwiftyJSON.framework",
			);
			runOnlyForDeploymentPostprocessing = 0;
			shellPath = /bin/sh;
			shellScript = "\"${SRCROOT}/Pods/Target Support Files/Pods-TestDataOne/Pods-TestDataOne-frameworks.sh\"\n";
			showEnvVarsInLog = 0;
		};
		B4D2ADED4578B0BAFB70D61D /* [CP] Embed Pods Frameworks */ = {
			isa = PBXShellScriptBuildPhase;
			buildActionMask = 2147483647;
			files = (
			);
			inputPaths = (
			);
			name = "[CP] Embed Pods Frameworks";
			outputPaths = (
			);
			runOnlyForDeploymentPostprocessing = 0;
			shellPath = /bin/sh;
			shellScript = "\"${SRCROOT}/Pods/Target Support Files/Pods-TestDataOneTests/Pods-TestDataOneTests-frameworks.sh\"\n";
			showEnvVarsInLog = 0;
		};
		C084DE6B7A901F0D327B81F3 /* [CP] Copy Pods Resources */ = {
			isa = PBXShellScriptBuildPhase;
			buildActionMask = 2147483647;
			files = (
			);
			inputPaths = (
			);
			name = "[CP] Copy Pods Resources";
			outputPaths = (
			);
			runOnlyForDeploymentPostprocessing = 0;
			shellPath = /bin/sh;
			shellScript = "\"${SRCROOT}/Pods/Target Support Files/Pods-TestDataOne/Pods-TestDataOne-resources.sh\"\n";
			showEnvVarsInLog = 0;
		};
		EA2A950B4C43F1A42F2AE37F /* [CP] Copy Pods Resources */ = {
			isa = PBXShellScriptBuildPhase;
			buildActionMask = 2147483647;
			files = (
			);
			inputPaths = (
			);
			name = "[CP] Copy Pods Resources";
			outputPaths = (
			);
			runOnlyForDeploymentPostprocessing = 0;
			shellPath = /bin/sh;
			shellScript = "\"${SRCROOT}/Pods/Target Support Files/Pods-TestDataOneTests/Pods-TestDataOneTests-resources.sh\"\n";
			showEnvVarsInLog = 0;
		};
/* End PBXShellScriptBuildPhase section */

/* Begin PBXSourcesBuildPhase section */
		F8458A701F63693B000B20AA /* Sources */ = {
			isa = PBXSourcesBuildPhase;
			buildActionMask = 2147483647;
			files = (
				047B29941F6873CD00C5E456 /* ViewController.swift in Sources */,
				047B29961F6876D600C5E456 /* Define.swift in Sources */,
				047B29981F6876FE00C5E456 /* SessionManager.swift in Sources */,
				047B299A1F688BBD00C5E456 /* Vehicle.swift in Sources */,
				F8458A781F63693B000B20AA /* AppDelegate.swift in Sources */,
			);
			runOnlyForDeploymentPostprocessing = 0;
		};
		F8458A841F63693B000B20AA /* Sources */ = {
			isa = PBXSourcesBuildPhase;
			buildActionMask = 2147483647;
			files = (
				F8458A8D1F63693B000B20AA /* TestDataOneTests.swift in Sources */,
			);
			runOnlyForDeploymentPostprocessing = 0;
		};
/* End PBXSourcesBuildPhase section */

/* Begin PBXTargetDependency section */
		F8458A8A1F63693B000B20AA /* PBXTargetDependency */ = {
			isa = PBXTargetDependency;
			target = F8458A731F63693B000B20AA /* TestDataOne */;
			targetProxy = F8458A891F63693B000B20AA /* PBXContainerItemProxy */;
		};
/* End PBXTargetDependency section */

/* Begin XCBuildConfiguration section */
		F8458A8F1F63693B000B20AA /* Debug */ = {
			isa = XCBuildConfiguration;
			buildSettings = {
				ALWAYS_SEARCH_USER_PATHS = NO;
				CLANG_ANALYZER_NONNULL = YES;
				CLANG_ANALYZER_NUMBER_OBJECT_CONVERSION = YES_AGGRESSIVE;
				CLANG_CXX_LANGUAGE_STANDARD = "gnu++0x";
				CLANG_CXX_LIBRARY = "libc++";
				CLANG_ENABLE_MODULES = YES;
				CLANG_ENABLE_OBJC_ARC = YES;
				CLANG_WARN_BOOL_CONVERSION = YES;
				CLANG_WARN_CONSTANT_CONVERSION = YES;
				CLANG_WARN_DIRECT_OBJC_ISA_USAGE = YES_ERROR;
				CLANG_WARN_DOCUMENTATION_COMMENTS = YES;
				CLANG_WARN_EMPTY_BODY = YES;
				CLANG_WARN_ENUM_CONVERSION = YES;
				CLANG_WARN_INFINITE_RECURSION = YES;
				CLANG_WARN_INT_CONVERSION = YES;
				CLANG_WARN_OBJC_ROOT_CLASS = YES_ERROR;
				CLANG_WARN_SUSPICIOUS_MOVE = YES;
				CLANG_WARN_UNREACHABLE_CODE = YES;
				CLANG_WARN__DUPLICATE_METHOD_MATCH = YES;
				"CODE_SIGN_IDENTITY[sdk=iphoneos*]" = "iPhone Developer";
				COPY_PHASE_STRIP = NO;
				DEBUG_INFORMATION_FORMAT = dwarf;
				ENABLE_STRICT_OBJC_MSGSEND = YES;
				ENABLE_TESTABILITY = YES;
				GCC_C_LANGUAGE_STANDARD = gnu99;
				GCC_DYNAMIC_NO_PIC = NO;
				GCC_NO_COMMON_BLOCKS = YES;
				GCC_OPTIMIZATION_LEVEL = 0;
				GCC_PREPROCESSOR_DEFINITIONS = (
					"DEBUG=1",
					"$(inherited)",
				);
				GCC_WARN_64_TO_32_BIT_CONVERSION = YES;
				GCC_WARN_ABOUT_RETURN_TYPE = YES_ERROR;
				GCC_WARN_UNDECLARED_SELECTOR = YES;
				GCC_WARN_UNINITIALIZED_AUTOS = YES_AGGRESSIVE;
				GCC_WARN_UNUSED_FUNCTION = YES;
				GCC_WARN_UNUSED_VARIABLE = YES;
				IPHONEOS_DEPLOYMENT_TARGET = 10.3;
				MTL_ENABLE_DEBUG_INFO = YES;
				ONLY_ACTIVE_ARCH = YES;
				SDKROOT = iphoneos;
				SWIFT_ACTIVE_COMPILATION_CONDITIONS = DEBUG;
				SWIFT_OPTIMIZATION_LEVEL = "-Onone";
				TARGETED_DEVICE_FAMILY = "1,2";
			};
			name = Debug;
		};
		F8458A901F63693B000B20AA /* Release */ = {
			isa = XCBuildConfiguration;
			buildSettings = {
				ALWAYS_SEARCH_USER_PATHS = NO;
				CLANG_ANALYZER_NONNULL = YES;
				CLANG_ANALYZER_NUMBER_OBJECT_CONVERSION = YES_AGGRESSIVE;
				CLANG_CXX_LANGUAGE_STANDARD = "gnu++0x";
				CLANG_CXX_LIBRARY = "libc++";
				CLANG_ENABLE_MODULES = YES;
				CLANG_ENABLE_OBJC_ARC = YES;
				CLANG_WARN_BOOL_CONVERSION = YES;
				CLANG_WARN_CONSTANT_CONVERSION = YES;
				CLANG_WARN_DIRECT_OBJC_ISA_USAGE = YES_ERROR;
				CLANG_WARN_DOCUMENTATION_COMMENTS = YES;
				CLANG_WARN_EMPTY_BODY = YES;
				CLANG_WARN_ENUM_CONVERSION = YES;
				CLANG_WARN_INFINITE_RECURSION = YES;
				CLANG_WARN_INT_CONVERSION = YES;
				CLANG_WARN_OBJC_ROOT_CLASS = YES_ERROR;
				CLANG_WARN_SUSPICIOUS_MOVE = YES;
				CLANG_WARN_UNREACHABLE_CODE = YES;
				CLANG_WARN__DUPLICATE_METHOD_MATCH = YES;
				"CODE_SIGN_IDENTITY[sdk=iphoneos*]" = "iPhone Developer";
				COPY_PHASE_STRIP = NO;
				DEBUG_INFORMATION_FORMAT = "dwarf-with-dsym";
				ENABLE_NS_ASSERTIONS = NO;
				ENABLE_STRICT_OBJC_MSGSEND = YES;
				GCC_C_LANGUAGE_STANDARD = gnu99;
				GCC_NO_COMMON_BLOCKS = YES;
				GCC_WARN_64_TO_32_BIT_CONVERSION = YES;
				GCC_WARN_ABOUT_RETURN_TYPE = YES_ERROR;
				GCC_WARN_UNDECLARED_SELECTOR = YES;
				GCC_WARN_UNINITIALIZED_AUTOS = YES_AGGRESSIVE;
				GCC_WARN_UNUSED_FUNCTION = YES;
				GCC_WARN_UNUSED_VARIABLE = YES;
				IPHONEOS_DEPLOYMENT_TARGET = 10.3;
				MTL_ENABLE_DEBUG_INFO = NO;
				SDKROOT = iphoneos;
				SWIFT_OPTIMIZATION_LEVEL = "-Owholemodule";
				TARGETED_DEVICE_FAMILY = "1,2";
				VALIDATE_PRODUCT = YES;
			};
			name = Release;
		};
		F8458A921F63693B000B20AA /* Debug */ = {
			isa = XCBuildConfiguration;
			baseConfigurationReference = D43B62C78D2E390643782C17 /* Pods-TestDataOne.debug.xcconfig */;
			buildSettings = {
				ASSETCATALOG_COMPILER_APPICON_NAME = AppIcon;
				INFOPLIST_FILE = TestDataOne/Resource/Info.plist;
				LD_RUNPATH_SEARCH_PATHS = "$(inherited) @executable_path/Frameworks";
				PRODUCT_BUNDLE_IDENTIFIER = net.hooni.TestDataOne;
				PRODUCT_NAME = "$(TARGET_NAME)";
				SWIFT_VERSION = 3.0;
			};
			name = Debug;
		};
		F8458A931F63693B000B20AA /* Release */ = {
			isa = XCBuildConfiguration;
			baseConfigurationReference = BD3A65DCEEFABF5754A8E50B /* Pods-TestDataOne.release.xcconfig */;
			buildSettings = {
				ASSETCATALOG_COMPILER_APPICON_NAME = AppIcon;
				INFOPLIST_FILE = TestDataOne/Resource/Info.plist;
				LD_RUNPATH_SEARCH_PATHS = "$(inherited) @executable_path/Frameworks";
				PRODUCT_BUNDLE_IDENTIFIER = net.hooni.TestDataOne;
				PRODUCT_NAME = "$(TARGET_NAME)";
				SWIFT_VERSION = 3.0;
			};
			name = Release;
		};
		F8458A951F63693B000B20AA /* Debug */ = {
			isa = XCBuildConfiguration;
			baseConfigurationReference = 4DB47ED496A5E1CE73770234 /* Pods-TestDataOneTests.debug.xcconfig */;
			buildSettings = {
				ALWAYS_EMBED_SWIFT_STANDARD_LIBRARIES = YES;
				BUNDLE_LOADER = "$(TEST_HOST)";
				INFOPLIST_FILE = TestDataOneTests/Info.plist;
				LD_RUNPATH_SEARCH_PATHS = "$(inherited) @executable_path/Frameworks @loader_path/Frameworks";
				PRODUCT_BUNDLE_IDENTIFIER = net.hooni.TestDataOneTests;
				PRODUCT_NAME = "$(TARGET_NAME)";
				SWIFT_VERSION = 3.0;
				TEST_HOST = "$(BUILT_PRODUCTS_DIR)/TestDataOne.app/TestDataOne";
			};
			name = Debug;
		};
		F8458A961F63693B000B20AA /* Release */ = {
			isa = XCBuildConfiguration;
			baseConfigurationReference = 7E216E05E2FD9041AA222660 /* Pods-TestDataOneTests.release.xcconfig */;
			buildSettings = {
				ALWAYS_EMBED_SWIFT_STANDARD_LIBRARIES = YES;
				BUNDLE_LOADER = "$(TEST_HOST)";
				INFOPLIST_FILE = TestDataOneTests/Info.plist;
				LD_RUNPATH_SEARCH_PATHS = "$(inherited) @executable_path/Frameworks @loader_path/Frameworks";
				PRODUCT_BUNDLE_IDENTIFIER = net.hooni.TestDataOneTests;
				PRODUCT_NAME = "$(TARGET_NAME)";
				SWIFT_VERSION = 3.0;
				TEST_HOST = "$(BUILT_PRODUCTS_DIR)/TestDataOne.app/TestDataOne";
			};
			name = Release;
		};
/* End XCBuildConfiguration section */

/* Begin XCConfigurationList section */
		F8458A6F1F63693B000B20AA /* Build configuration list for PBXProject "TestDataOne" */ = {
			isa = XCConfigurationList;
			buildConfigurations = (
				F8458A8F1F63693B000B20AA /* Debug */,
				F8458A901F63693B000B20AA /* Release */,
			);
			defaultConfigurationIsVisible = 0;
			defaultConfigurationName = Release;
		};
		F8458A911F63693B000B20AA /* Build configuration list for PBXNativeTarget "TestDataOne" */ = {
			isa = XCConfigurationList;
			buildConfigurations = (
				F8458A921F63693B000B20AA /* Debug */,
				F8458A931F63693B000B20AA /* Release */,
			);
			defaultConfigurationIsVisible = 0;
			defaultConfigurationName = Release;
		};
		F8458A941F63693B000B20AA /* Build configuration list for PBXNativeTarget "TestDataOneTests" */ = {
			isa = XCConfigurationList;
			buildConfigurations = (
				F8458A951F63693B000B20AA /* Debug */,
				F8458A961F63693B000B20AA /* Release */,
			);
			defaultConfigurationIsVisible = 0;
			defaultConfigurationName = Release;
		};
/* End XCConfigurationList section */
	};
	rootObject = F8458A6C1F63693B000B20AA /* Project object */;
}
